
Microsoft Visual Studio Solution File, Format Version 12.00
# Visual Studio Version 17
VisualStudioVersion = 17.9.34607.119
MinimumVisualStudioVersion = 10.0.40219.1
Project("{FAE04EC0-301F-11D3-BF4B-00C04F79EFBC}") = "Csharp-Assignment-5", "Csharp-Assignment-5\Csharp-Assignment-5.csproj", "{FB7DF390-8071-4350-B60D-E39632F02C75}"
EndProject
Global
	GlobalSection(SolutionConfigurationPlatforms) = preSolution
		Debug|Any CPU = Debug|Any CPU
		Release|Any CPU = Release|Any CPU
	EndGlobalSection
	GlobalSection(ProjectConfigurationPlatforms) = postSolution
		{FB7DF390-8071-4350-B60D-E39632F02C75}.Debug|Any CPU.ActiveCfg = Debug|Any CPU
		{FB7DF390-8071-4350-B60D-E39632F02C75}.Debug|Any CPU.Build.0 = Debug|Any CPU
		{FB7DF390-8071-4350-B60D-E39632F02C75}.Release|Any CPU.ActiveCfg = Release|Any CPU
		{FB7DF390-8071-4350-B60D-E39632F02C75}.Release|Any CPU.Build.0 = Release|Any CPU
	EndGlobalSection
	GlobalSection(SolutionProperties) = preSolution
		HideSolutionNode = FALSE
	EndGlobalSection
	GlobalSection(ExtensibilityGlobals) = postSolution
		SolutionGuid = {11452691-BE2A-49AB-BAF0-7FDDA5FC5C40}
	EndGlobalSection
EndGlobal
